
Microsoft Visual Studio Solution File, Format Version 12.00
# Visual Studio Version 17
VisualStudioVersion = 17.7.34024.191
MinimumVisualStudioVersion = 10.0.40219.1
Project("{FAE04EC0-301F-11D3-BF4B-00C04F79EFBC}") = "la-mia-pizzeria-static", "la-mia-pizzeria-static\la-mia-pizzeria-static.csproj", "{490EB6B0-9A1F-4F60-9D6E-D25BDB73EC65}"
EndProject
Global
	GlobalSection(SolutionConfigurationPlatforms) = preSolution
		Debug|Any CPU = Debug|Any CPU
		Release|Any CPU = Release|Any CPU
	EndGlobalSection
	GlobalSection(ProjectConfigurationPlatforms) = postSolution
		{490EB6B0-9A1F-4F60-9D6E-D25BDB73EC65}.Debug|Any CPU.ActiveCfg = Debug|Any CPU
		{490EB6B0-9A1F-4F60-9D6E-D25BDB73EC65}.Debug|Any CPU.Build.0 = Debug|Any CPU
		{490EB6B0-9A1F-4F60-9D6E-D25BDB73EC65}.Release|Any CPU.ActiveCfg = Release|Any CPU
		{490EB6B0-9A1F-4F60-9D6E-D25BDB73EC65}.Release|Any CPU.Build.0 = Release|Any CPU
	EndGlobalSection
	GlobalSection(SolutionProperties) = preSolution
		HideSolutionNode = FALSE
	EndGlobalSection
	GlobalSection(ExtensibilityGlobals) = postSolution
		SolutionGuid = {9CCE3146-D0EE-48AA-800D-4D20DBDE1498}
	EndGlobalSection
EndGlobal
